
Microsoft Visual Studio Solution File, Format Version 12.00
# Visual Studio Version 16
VisualStudioVersion = 16.0.30611.23
MinimumVisualStudioVersion = 10.0.40219.1
Project("{FAE04EC0-301F-11D3-BF4B-00C04F79EFBC}") = "Structured Exception Handling", "Structured Exception Handling\Structured Exception Handling.csproj", "{D5EF7A10-F684-44A6-A109-16AE14D639CE}"
EndProject
Global
	GlobalSection(SolutionConfigurationPlatforms) = preSolution
		Debug|Any CPU = Debug|Any CPU
		Release|Any CPU = Release|Any CPU
	EndGlobalSection
	GlobalSection(ProjectConfigurationPlatforms) = postSolution
		{D5EF7A10-F684-44A6-A109-16AE14D639CE}.Debug|Any CPU.ActiveCfg = Debug|Any CPU
		{D5EF7A10-F684-44A6-A109-16AE14D639CE}.Debug|Any CPU.Build.0 = Debug|Any CPU
		{D5EF7A10-F684-44A6-A109-16AE14D639CE}.Release|Any CPU.ActiveCfg = Release|Any CPU
		{D5EF7A10-F684-44A6-A109-16AE14D639CE}.Release|Any CPU.Build.0 = Release|Any CPU
	EndGlobalSection
	GlobalSection(SolutionProperties) = preSolution
		HideSolutionNode = FALSE
	EndGlobalSection
	GlobalSection(ExtensibilityGlobals) = postSolution
		SolutionGuid = {D5440695-284D-4170-9441-9EA6D907AC07}
	EndGlobalSection
EndGlobal
