
Microsoft Visual Studio Solution File, Format Version 12.00
# Visual Studio Version 16
VisualStudioVersion = 16.0.30611.23
MinimumVisualStudioVersion = 10.0.40219.1
Project("{FAE04EC0-301F-11D3-BF4B-00C04F79EFBC}") = "Automate Word", "Automate Word\Automate Word.csproj", "{0D8AA8CB-AFF0-4652-8188-49ABDA3296D6}"
EndProject
Global
	GlobalSection(SolutionConfigurationPlatforms) = preSolution
		Debug|Any CPU = Debug|Any CPU
		Release|Any CPU = Release|Any CPU
	EndGlobalSection
	GlobalSection(ProjectConfigurationPlatforms) = postSolution
		{0D8AA8CB-AFF0-4652-8188-49ABDA3296D6}.Debug|Any CPU.ActiveCfg = Debug|Any CPU
		{0D8AA8CB-AFF0-4652-8188-49ABDA3296D6}.Debug|Any CPU.Build.0 = Debug|Any CPU
		{0D8AA8CB-AFF0-4652-8188-49ABDA3296D6}.Release|Any CPU.ActiveCfg = Release|Any CPU
		{0D8AA8CB-AFF0-4652-8188-49ABDA3296D6}.Release|Any CPU.Build.0 = Release|Any CPU
	EndGlobalSection
	GlobalSection(SolutionProperties) = preSolution
		HideSolutionNode = FALSE
	EndGlobalSection
	GlobalSection(ExtensibilityGlobals) = postSolution
		SolutionGuid = {9BE917E9-34E9-4A94-840F-FA7D84DE78CF}
	EndGlobalSection
EndGlobal
