
Microsoft Visual Studio Solution File, Format Version 12.00
# Visual Studio Version 16
VisualStudioVersion = 16.0.30611.23
MinimumVisualStudioVersion = 10.0.40219.1
Project("{FAE04EC0-301F-11D3-BF4B-00C04F79EFBC}") = "Debugging Example", "Debugging Example\Debugging Example.csproj", "{C84299CB-2904-448E-8813-A046D653199A}"
EndProject
Global
	GlobalSection(SolutionConfigurationPlatforms) = preSolution
		Debug|Any CPU = Debug|Any CPU
		Release|Any CPU = Release|Any CPU
	EndGlobalSection
	GlobalSection(ProjectConfigurationPlatforms) = postSolution
		{C84299CB-2904-448E-8813-A046D653199A}.Debug|Any CPU.ActiveCfg = Debug|Any CPU
		{C84299CB-2904-448E-8813-A046D653199A}.Debug|Any CPU.Build.0 = Debug|Any CPU
		{C84299CB-2904-448E-8813-A046D653199A}.Release|Any CPU.ActiveCfg = Release|Any CPU
		{C84299CB-2904-448E-8813-A046D653199A}.Release|Any CPU.Build.0 = Release|Any CPU
	EndGlobalSection
	GlobalSection(SolutionProperties) = preSolution
		HideSolutionNode = FALSE
	EndGlobalSection
	GlobalSection(ExtensibilityGlobals) = postSolution
		SolutionGuid = {4696D0A9-DB6C-46E5-A8DD-6D6D16F842AE}
	EndGlobalSection
EndGlobal
